
Microsoft Visual Studio Solution File, Format Version 12.00
# Visual Studio Version 17
VisualStudioVersion = 17.4.33122.133
MinimumVisualStudioVersion = 10.0.40219.1
Project("{FAE04EC0-301F-11D3-BF4B-00C04F79EFBC}") = "2048", "2048\2048.csproj", "{A2F8084B-07A3-41B3-8142-42BC29B8FD9D}"
EndProject
Project("{FAE04EC0-301F-11D3-BF4B-00C04F79EFBC}") = "2048Test", "2048Test\2048Test.csproj", "{56E933F1-8A7C-43E9-9FC7-4D47A186E094}"
EndProject
Global
	GlobalSection(SolutionConfigurationPlatforms) = preSolution
		Debug|Any CPU = Debug|Any CPU
		Release|Any CPU = Release|Any CPU
	EndGlobalSection
	GlobalSection(ProjectConfigurationPlatforms) = postSolution
		{A2F8084B-07A3-41B3-8142-42BC29B8FD9D}.Debug|Any CPU.ActiveCfg = Debug|Any CPU
		{A2F8084B-07A3-41B3-8142-42BC29B8FD9D}.Debug|Any CPU.Build.0 = Debug|Any CPU
		{A2F8084B-07A3-41B3-8142-42BC29B8FD9D}.Release|Any CPU.ActiveCfg = Release|Any CPU
		{A2F8084B-07A3-41B3-8142-42BC29B8FD9D}.Release|Any CPU.Build.0 = Release|Any CPU
		{56E933F1-8A7C-43E9-9FC7-4D47A186E094}.Debug|Any CPU.ActiveCfg = Debug|Any CPU
		{56E933F1-8A7C-43E9-9FC7-4D47A186E094}.Debug|Any CPU.Build.0 = Debug|Any CPU
		{56E933F1-8A7C-43E9-9FC7-4D47A186E094}.Release|Any CPU.ActiveCfg = Release|Any CPU
		{56E933F1-8A7C-43E9-9FC7-4D47A186E094}.Release|Any CPU.Build.0 = Release|Any CPU
	EndGlobalSection
	GlobalSection(SolutionProperties) = preSolution
		HideSolutionNode = FALSE
	EndGlobalSection
	GlobalSection(ExtensibilityGlobals) = postSolution
		SolutionGuid = {6B2BADF3-6757-4B6F-AD82-465F963EEE8D}
	EndGlobalSection
EndGlobal
